
Microsoft Visual Studio Solution File, Format Version 12.00
# Visual Studio Version 17
VisualStudioVersion = 17.9.34622.214
MinimumVisualStudioVersion = 10.0.40219.1
Project("{2150E333-8FDC-42A3-9474-1A3956D46DE8}") = "Core", "Core", "{EEE102E1-059B-425C-BC59-C81D93672944}"
EndProject
Project("{2150E333-8FDC-42A3-9474-1A3956D46DE8}") = "Infrastructure", "Infrastructure", "{BF6B916D-D448-42A8-AD60-EFD5194F28B5}"
EndProject
Project("{2150E333-8FDC-42A3-9474-1A3956D46DE8}") = "Presentation", "Presentation", "{4293AFDD-6096-40B4-9F9C-44338891190B}"
EndProject
Project("{2150E333-8FDC-42A3-9474-1A3956D46DE8}") = "Tests", "Tests", "{A494C7D1-C056-44CA-86F8-F14E67545B1D}"
EndProject
Project("{FAE04EC0-301F-11D3-BF4B-00C04F79EFBC}") = "Notes.Domain", "Notes.Domain\Notes.Domain.csproj", "{CC077925-F398-430F-9FE0-3BF3055B980F}"
EndProject
Global
	GlobalSection(SolutionConfigurationPlatforms) = preSolution
		Debug|Any CPU = Debug|Any CPU
		Release|Any CPU = Release|Any CPU
	EndGlobalSection
	GlobalSection(ProjectConfigurationPlatforms) = postSolution
		{CC077925-F398-430F-9FE0-3BF3055B980F}.Debug|Any CPU.ActiveCfg = Debug|Any CPU
		{CC077925-F398-430F-9FE0-3BF3055B980F}.Debug|Any CPU.Build.0 = Debug|Any CPU
		{CC077925-F398-430F-9FE0-3BF3055B980F}.Release|Any CPU.ActiveCfg = Release|Any CPU
		{CC077925-F398-430F-9FE0-3BF3055B980F}.Release|Any CPU.Build.0 = Release|Any CPU
	EndGlobalSection
	GlobalSection(SolutionProperties) = preSolution
		HideSolutionNode = FALSE
	EndGlobalSection
	GlobalSection(NestedProjects) = preSolution
		{CC077925-F398-430F-9FE0-3BF3055B980F} = {EEE102E1-059B-425C-BC59-C81D93672944}
	EndGlobalSection
	GlobalSection(ExtensibilityGlobals) = postSolution
		SolutionGuid = {9433779A-4AD6-412B-BDD3-84EDFD75AB65}
	EndGlobalSection
EndGlobal
